// !$*UTF8*$!
{
	archiveVersion = 1;
	classes = {
	};
	objectVersion = 56;
	objects = {

/* Begin PBXBuildFile section */
		FE4031B52CE5E1BF009776FD /* Constants.swift in Sources */ = {isa = PBXBuildFile; fileRef = FE4031B42CE5E1BF009776FD /* Constants.swift */; };
		FE4031B72CE60BC7009776FD /* AuthViewController.swift in Sources */ = {isa = PBXBuildFile; fileRef = FE4031B62CE60BC7009776FD /* AuthViewController.swift */; };
		FE4031BA2CE62303009776FD /* WebViewViewController.swift in Sources */ = {isa = PBXBuildFile; fileRef = FE4031B92CE62303009776FD /* WebViewViewController.swift */; };
		FE4031BC2CEA59BF009776FD /* OAuth2Service.swift in Sources */ = {isa = PBXBuildFile; fileRef = FE4031BB2CEA59BF009776FD /* OAuth2Service.swift */; };
		FE4031BE2CEA7C86009776FD /* URLSession+data.swift in Sources */ = {isa = PBXBuildFile; fileRef = FE4031BD2CEA7C86009776FD /* URLSession+data.swift */; };
		FE4031C02CEA80C9009776FD /* OAuthTokenResponseBody.swift in Sources */ = {isa = PBXBuildFile; fileRef = FE4031BF2CEA80C9009776FD /* OAuthTokenResponseBody.swift */; };
		FE4031C52CEE649A009776FD /* SplashViewController.swift in Sources */ = {isa = PBXBuildFile; fileRef = FE4031C42CEE649A009776FD /* SplashViewController.swift */; };
		FEB643A92CD692F600D1B913 /* ProfileViewController.swift in Sources */ = {isa = PBXBuildFile; fileRef = FEB643A82CD692F600D1B913 /* ProfileViewController.swift */; };
		FEB643AC2CD76DAE00D1B913 /* SingleImageViewController.swift in Sources */ = {isa = PBXBuildFile; fileRef = FEB643AB2CD76DAE00D1B913 /* SingleImageViewController.swift */; };
		FECD58B92CD11C9B00F6DC1E /* AppDelegate.swift in Sources */ = {isa = PBXBuildFile; fileRef = FECD58B82CD11C9B00F6DC1E /* AppDelegate.swift */; };
		FECD58BB2CD11C9B00F6DC1E /* SceneDelegate.swift in Sources */ = {isa = PBXBuildFile; fileRef = FECD58BA2CD11C9B00F6DC1E /* SceneDelegate.swift */; };
		FECD58BD2CD11C9B00F6DC1E /* ImagesListViewController.swift in Sources */ = {isa = PBXBuildFile; fileRef = FECD58BC2CD11C9B00F6DC1E /* ImagesListViewController.swift */; };
		FECD58C02CD11C9B00F6DC1E /* Base in Resources */ = {isa = PBXBuildFile; fileRef = FECD58BF2CD11C9B00F6DC1E /* Base */; };
		FECD58C22CD11C9E00F6DC1E /* Assets.xcassets in Resources */ = {isa = PBXBuildFile; fileRef = FECD58C12CD11C9E00F6DC1E /* Assets.xcassets */; };
		FECD58C52CD11C9E00F6DC1E /* Base in Resources */ = {isa = PBXBuildFile; fileRef = FECD58C42CD11C9E00F6DC1E /* Base */; };
		FECD58F02CD26C0700F6DC1E /* ImagesListCell.swift in Sources */ = {isa = PBXBuildFile; fileRef = FECD58EF2CD26C0700F6DC1E /* ImagesListCell.swift */; };
		FECF8D7E2CF8F2D300258995 /* ProgressHUD in Frameworks */ = {isa = PBXBuildFile; productRef = FECF8D7D2CF8F2D300258995 /* ProgressHUD */; };
		FECF8D802CFCD68D00258995 /* UIBlockingProgressHUD.swift in Sources */ = {isa = PBXBuildFile; fileRef = FECF8D7F2CFCD68D00258995 /* UIBlockingProgressHUD.swift */; };
		FECF8D822CFE3CEE00258995 /* ProfileService.swift in Sources */ = {isa = PBXBuildFile; fileRef = FECF8D812CFE3CED00258995 /* ProfileService.swift */; };
		FECF8D842CFE3D5E00258995 /* UserResult.swift in Sources */ = {isa = PBXBuildFile; fileRef = FECF8D832CFE3D5E00258995 /* UserResult.swift */; };
		FECF8D862CFFA9F300258995 /* ProfileImageService.swift in Sources */ = {isa = PBXBuildFile; fileRef = FECF8D852CFFA9F300258995 /* ProfileImageService.swift */; };
		FECF8D8D2D04BA2100258995 /* Kingfisher in Frameworks */ = {isa = PBXBuildFile; productRef = FECF8D8C2D04BA2100258995 /* Kingfisher */; };
		FECF8D902D05E80800258995 /* SwiftKeychainWrapper in Frameworks */ = {isa = PBXBuildFile; productRef = FECF8D8F2D05E80800258995 /* SwiftKeychainWrapper */; };
		FECF8D922D0787E700258995 /* TabBarController.swift in Sources */ = {isa = PBXBuildFile; fileRef = FECF8D912D0787E700258995 /* TabBarController.swift */; };
		FECF8D952D0A0CE900258995 /* ProfileResult.swift in Sources */ = {isa = PBXBuildFile; fileRef = FECF8D942D0A0CE900258995 /* ProfileResult.swift */; };
		FECF8D972D0A0D1A00258995 /* Profile.swift in Sources */ = {isa = PBXBuildFile; fileRef = FECF8D962D0A0D1A00258995 /* Profile.swift */; };
		FECF8D992D0A0D5000258995 /* ProfileImage.swift in Sources */ = {isa = PBXBuildFile; fileRef = FECF8D982D0A0D5000258995 /* ProfileImage.swift */; };
		FECF8D9B2D0A0E3000258995 /* OAuth2TokenStorage.swift in Sources */ = {isa = PBXBuildFile; fileRef = FECF8D9A2D0A0E3000258995 /* OAuth2TokenStorage.swift */; };
/* End PBXBuildFile section */

/* Begin PBXFileReference section */
		FE4031B42CE5E1BF009776FD /* Constants.swift */ = {isa = PBXFileReference; lastKnownFileType = sourcecode.swift; path = Constants.swift; sourceTree = "<group>"; };
		FE4031B62CE60BC7009776FD /* AuthViewController.swift */ = {isa = PBXFileReference; lastKnownFileType = sourcecode.swift; path = AuthViewController.swift; sourceTree = "<group>"; };
		FE4031B92CE62303009776FD /* WebViewViewController.swift */ = {isa = PBXFileReference; lastKnownFileType = sourcecode.swift; path = WebViewViewController.swift; sourceTree = "<group>"; };
		FE4031BB2CEA59BF009776FD /* OAuth2Service.swift */ = {isa = PBXFileReference; lastKnownFileType = sourcecode.swift; path = OAuth2Service.swift; sourceTree = "<group>"; };
		FE4031BD2CEA7C86009776FD /* URLSession+data.swift */ = {isa = PBXFileReference; lastKnownFileType = sourcecode.swift; path = "URLSession+data.swift"; sourceTree = "<group>"; };
		FE4031BF2CEA80C9009776FD /* OAuthTokenResponseBody.swift */ = {isa = PBXFileReference; lastKnownFileType = sourcecode.swift; path = OAuthTokenResponseBody.swift; sourceTree = "<group>"; };
		FE4031C42CEE649A009776FD /* SplashViewController.swift */ = {isa = PBXFileReference; lastKnownFileType = sourcecode.swift; path = SplashViewController.swift; sourceTree = "<group>"; };
		FEB643A82CD692F600D1B913 /* ProfileViewController.swift */ = {isa = PBXFileReference; lastKnownFileType = sourcecode.swift; path = ProfileViewController.swift; sourceTree = "<group>"; };
		FEB643AB2CD76DAE00D1B913 /* SingleImageViewController.swift */ = {isa = PBXFileReference; lastKnownFileType = sourcecode.swift; path = SingleImageViewController.swift; sourceTree = "<group>"; };
		FECD58B52CD11C9B00F6DC1E /* ImageFeed.app */ = {isa = PBXFileReference; explicitFileType = wrapper.application; includeInIndex = 0; path = ImageFeed.app; sourceTree = BUILT_PRODUCTS_DIR; };
		FECD58B82CD11C9B00F6DC1E /* AppDelegate.swift */ = {isa = PBXFileReference; lastKnownFileType = sourcecode.swift; path = AppDelegate.swift; sourceTree = "<group>"; };
		FECD58BA2CD11C9B00F6DC1E /* SceneDelegate.swift */ = {isa = PBXFileReference; lastKnownFileType = sourcecode.swift; path = SceneDelegate.swift; sourceTree = "<group>"; };
		FECD58BC2CD11C9B00F6DC1E /* ImagesListViewController.swift */ = {isa = PBXFileReference; lastKnownFileType = sourcecode.swift; path = ImagesListViewController.swift; sourceTree = "<group>"; };
		FECD58BF2CD11C9B00F6DC1E /* Base */ = {isa = PBXFileReference; lastKnownFileType = file.storyboard; name = Base; path = Base.lproj/Main.storyboard; sourceTree = "<group>"; };
		FECD58C12CD11C9E00F6DC1E /* Assets.xcassets */ = {isa = PBXFileReference; lastKnownFileType = folder.assetcatalog; path = Assets.xcassets; sourceTree = "<group>"; };
		FECD58C42CD11C9E00F6DC1E /* Base */ = {isa = PBXFileReference; lastKnownFileType = file.storyboard; name = Base; path = Base.lproj/LaunchScreen.storyboard; sourceTree = "<group>"; };
		FECD58C62CD11C9E00F6DC1E /* Info.plist */ = {isa = PBXFileReference; lastKnownFileType = text.plist.xml; path = Info.plist; sourceTree = "<group>"; };
		FECD58EF2CD26C0700F6DC1E /* ImagesListCell.swift */ = {isa = PBXFileReference; lastKnownFileType = sourcecode.swift; path = ImagesListCell.swift; sourceTree = "<group>"; };
		FECF8D7F2CFCD68D00258995 /* UIBlockingProgressHUD.swift */ = {isa = PBXFileReference; lastKnownFileType = sourcecode.swift; path = UIBlockingProgressHUD.swift; sourceTree = "<group>"; };
		FECF8D812CFE3CED00258995 /* ProfileService.swift */ = {isa = PBXFileReference; lastKnownFileType = sourcecode.swift; path = ProfileService.swift; sourceTree = "<group>"; };
		FECF8D832CFE3D5E00258995 /* UserResult.swift */ = {isa = PBXFileReference; lastKnownFileType = sourcecode.swift; path = UserResult.swift; sourceTree = "<group>"; };
		FECF8D852CFFA9F300258995 /* ProfileImageService.swift */ = {isa = PBXFileReference; lastKnownFileType = sourcecode.swift; path = ProfileImageService.swift; sourceTree = "<group>"; };
		FECF8D912D0787E700258995 /* TabBarController.swift */ = {isa = PBXFileReference; lastKnownFileType = sourcecode.swift; path = TabBarController.swift; sourceTree = "<group>"; };
		FECF8D942D0A0CE900258995 /* ProfileResult.swift */ = {isa = PBXFileReference; lastKnownFileType = sourcecode.swift; path = ProfileResult.swift; sourceTree = "<group>"; };
		FECF8D962D0A0D1A00258995 /* Profile.swift */ = {isa = PBXFileReference; lastKnownFileType = sourcecode.swift; path = Profile.swift; sourceTree = "<group>"; };
		FECF8D982D0A0D5000258995 /* ProfileImage.swift */ = {isa = PBXFileReference; lastKnownFileType = sourcecode.swift; path = ProfileImage.swift; sourceTree = "<group>"; };
		FECF8D9A2D0A0E3000258995 /* OAuth2TokenStorage.swift */ = {isa = PBXFileReference; lastKnownFileType = sourcecode.swift; path = OAuth2TokenStorage.swift; sourceTree = "<group>"; };
/* End PBXFileReference section */

/* Begin PBXFrameworksBuildPhase section */
		FECD58B22CD11C9B00F6DC1E /* Frameworks */ = {
			isa = PBXFrameworksBuildPhase;
			buildActionMask = 2147483647;
			files = (
				FECF8D8D2D04BA2100258995 /* Kingfisher in Frameworks */,
				FECF8D7E2CF8F2D300258995 /* ProgressHUD in Frameworks */,
				FECF8D902D05E80800258995 /* SwiftKeychainWrapper in Frameworks */,
			);
			runOnlyForDeploymentPostprocessing = 0;
		};
/* End PBXFrameworksBuildPhase section */

/* Begin PBXGroup section */
		FE4031B82CE60E67009776FD /* Auth */ = {
			isa = PBXGroup;
			children = (
				FECF8D882D0234D400258995 /* OAuth2 */,
				FE4031B62CE60BC7009776FD /* AuthViewController.swift */,
				FE4031B92CE62303009776FD /* WebViewViewController.swift */,
			);
			path = Auth;
			sourceTree = "<group>";
		};
		FE4031C32CEBEAFB009776FD /* Helpers */ = {
			isa = PBXGroup;
			children = (
				FE4031BD2CEA7C86009776FD /* URLSession+data.swift */,
			);
			path = Helpers;
			sourceTree = "<group>";
		};
		FE7D2D322CDAA99600962D8E /* SingleImage */ = {
			isa = PBXGroup;
			children = (
				FEB643AB2CD76DAE00D1B913 /* SingleImageViewController.swift */,
			);
			path = SingleImage;
			sourceTree = "<group>";
		};
		FEB643AA2CD6E96100D1B913 /* UserProfile */ = {
			isa = PBXGroup;
			children = (
				FECF8D932D0A0CBF00258995 /* UserProfileModels */,
				FECF8D872D02348700258995 /* Services */,
				FEB643A82CD692F600D1B913 /* ProfileViewController.swift */,
			);
			path = UserProfile;
			sourceTree = "<group>";
		};
		FECD58AC2CD11C9B00F6DC1E = {
			isa = PBXGroup;
			children = (
				FECD58B72CD11C9B00F6DC1E /* ImageFeed */,
				FECD58B62CD11C9B00F6DC1E /* Products */,
			);
			sourceTree = "<group>";
		};
		FECD58B62CD11C9B00F6DC1E /* Products */ = {
			isa = PBXGroup;
			children = (
				FECD58B52CD11C9B00F6DC1E /* ImageFeed.app */,
			);
			name = Products;
			sourceTree = "<group>";
		};
		FECD58B72CD11C9B00F6DC1E /* ImageFeed */ = {
			isa = PBXGroup;
			children = (
				FECD58B82CD11C9B00F6DC1E /* AppDelegate.swift */,
				FECD58BA2CD11C9B00F6DC1E /* SceneDelegate.swift */,
				FE4031B42CE5E1BF009776FD /* Constants.swift */,
				FE4031C42CEE649A009776FD /* SplashViewController.swift */,
				FECF8D912D0787E700258995 /* TabBarController.swift */,
				FE4031B82CE60E67009776FD /* Auth */,
				FECD58F12CD26C4B00F6DC1E /* ImageList */,
				FEB643AA2CD6E96100D1B913 /* UserProfile */,
				FE7D2D322CDAA99600962D8E /* SingleImage */,
				FECD58F22CD26C8900F6DC1E /* Resources */,
				FECD58C32CD11C9E00F6DC1E /* LaunchScreen.storyboard */,
				FECD58BE2CD11C9B00F6DC1E /* Main.storyboard */,
				FE4031C32CEBEAFB009776FD /* Helpers */,
				FECF8D7F2CFCD68D00258995 /* UIBlockingProgressHUD.swift */,
			);
			path = ImageFeed;
			sourceTree = "<group>";
		};
		FECD58F12CD26C4B00F6DC1E /* ImageList */ = {
			isa = PBXGroup;
			children = (
				FECD58BC2CD11C9B00F6DC1E /* ImagesListViewController.swift */,
				FECD58EF2CD26C0700F6DC1E /* ImagesListCell.swift */,
			);
			path = ImageList;
			sourceTree = "<group>";
		};
		FECD58F22CD26C8900F6DC1E /* Resources */ = {
			isa = PBXGroup;
			children = (
				FECD58C12CD11C9E00F6DC1E /* Assets.xcassets */,
				FECD58C62CD11C9E00F6DC1E /* Info.plist */,
			);
			path = Resources;
			sourceTree = "<group>";
		};
		FECF8D872D02348700258995 /* Services */ = {
			isa = PBXGroup;
			children = (
				FECF8D852CFFA9F300258995 /* ProfileImageService.swift */,
				FECF8D812CFE3CED00258995 /* ProfileService.swift */,
			);
			path = Services;
			sourceTree = "<group>";
		};
		FECF8D882D0234D400258995 /* OAuth2 */ = {
			isa = PBXGroup;
			children = (
				FE4031BB2CEA59BF009776FD /* OAuth2Service.swift */,
				FE4031BF2CEA80C9009776FD /* OAuthTokenResponseBody.swift */,
				FECF8D9A2D0A0E3000258995 /* OAuth2TokenStorage.swift */,
			);
			path = OAuth2;
			sourceTree = "<group>";
		};
		FECF8D932D0A0CBF00258995 /* UserProfileModels */ = {
			isa = PBXGroup;
			children = (
				FECF8D942D0A0CE900258995 /* ProfileResult.swift */,
				FECF8D962D0A0D1A00258995 /* Profile.swift */,
				FECF8D982D0A0D5000258995 /* ProfileImage.swift */,
				FECF8D832CFE3D5E00258995 /* UserResult.swift */,
			);
			path = UserProfileModels;
			sourceTree = "<group>";
		};
/* End PBXGroup section */

/* Begin PBXNativeTarget section */
		FECD58B42CD11C9B00F6DC1E /* ImageFeed */ = {
			isa = PBXNativeTarget;
			buildConfigurationList = FECD58C92CD11C9E00F6DC1E /* Build configuration list for PBXNativeTarget "ImageFeed" */;
			buildPhases = (
				FECD58B12CD11C9B00F6DC1E /* Sources */,
				FECD58B22CD11C9B00F6DC1E /* Frameworks */,
				FECD58B32CD11C9B00F6DC1E /* Resources */,
			);
			buildRules = (
			);
			dependencies = (
			);
			name = ImageFeed;
			packageProductDependencies = (
				FECF8D7D2CF8F2D300258995 /* ProgressHUD */,
				FECF8D8C2D04BA2100258995 /* Kingfisher */,
				FECF8D8F2D05E80800258995 /* SwiftKeychainWrapper */,
			);
			productName = ImageFeed;
			productReference = FECD58B52CD11C9B00F6DC1E /* ImageFeed.app */;
			productType = "com.apple.product-type.application";
		};
/* End PBXNativeTarget section */

/* Begin PBXProject section */
		FECD58AD2CD11C9B00F6DC1E /* Project object */ = {
			isa = PBXProject;
			attributes = {
				BuildIndependentTargetsInParallel = 1;
				LastSwiftUpdateCheck = 1540;
				LastUpgradeCheck = 1540;
				TargetAttributes = {
					FECD58B42CD11C9B00F6DC1E = {
						CreatedOnToolsVersion = 15.4;
					};
				};
			};
			buildConfigurationList = FECD58B02CD11C9B00F6DC1E /* Build configuration list for PBXProject "ImageFeed" */;
			compatibilityVersion = "Xcode 14.0";
			developmentRegion = en;
			hasScannedForEncodings = 0;
			knownRegions = (
				en,
				Base,
			);
			mainGroup = FECD58AC2CD11C9B00F6DC1E;
			packageReferences = (
				FECF8D7C2CF8F2D300258995 /* XCRemoteSwiftPackageReference "ProgressHUD" */,
				FECF8D8B2D04BA2100258995 /* XCRemoteSwiftPackageReference "Kingfisher" */,
				FECF8D8E2D05E80800258995 /* XCRemoteSwiftPackageReference "SwiftKeychainWrapper" */,
			);
			productRefGroup = FECD58B62CD11C9B00F6DC1E /* Products */;
			projectDirPath = "";
			projectRoot = "";
			targets = (
				FECD58B42CD11C9B00F6DC1E /* ImageFeed */,
			);
		};
/* End PBXProject section */

/* Begin PBXResourcesBuildPhase section */
		FECD58B32CD11C9B00F6DC1E /* Resources */ = {
			isa = PBXResourcesBuildPhase;
			buildActionMask = 2147483647;
			files = (
				FECD58C22CD11C9E00F6DC1E /* Assets.xcassets in Resources */,
				FECD58C52CD11C9E00F6DC1E /* Base in Resources */,
				FECD58C02CD11C9B00F6DC1E /* Base in Resources */,
			);
			runOnlyForDeploymentPostprocessing = 0;
		};
/* End PBXResourcesBuildPhase section */

/* Begin PBXSourcesBuildPhase section */
		FECD58B12CD11C9B00F6DC1E /* Sources */ = {
			isa = PBXSourcesBuildPhase;
			buildActionMask = 2147483647;
			files = (
				FECD58BD2CD11C9B00F6DC1E /* ImagesListViewController.swift in Sources */,
				FECF8D972D0A0D1A00258995 /* Profile.swift in Sources */,
				FECF8D822CFE3CEE00258995 /* ProfileService.swift in Sources */,
				FECF8D952D0A0CE900258995 /* ProfileResult.swift in Sources */,
				FECF8D9B2D0A0E3000258995 /* OAuth2TokenStorage.swift in Sources */,
				FECD58F02CD26C0700F6DC1E /* ImagesListCell.swift in Sources */,
				FE4031C02CEA80C9009776FD /* OAuthTokenResponseBody.swift in Sources */,
				FEB643A92CD692F600D1B913 /* ProfileViewController.swift in Sources */,
				FECD58B92CD11C9B00F6DC1E /* AppDelegate.swift in Sources */,
				FECF8D842CFE3D5E00258995 /* UserResult.swift in Sources */,
				FE4031C52CEE649A009776FD /* SplashViewController.swift in Sources */,
				FE4031B72CE60BC7009776FD /* AuthViewController.swift in Sources */,
				FE4031B52CE5E1BF009776FD /* Constants.swift in Sources */,
				FECF8D922D0787E700258995 /* TabBarController.swift in Sources */,
				FECF8D802CFCD68D00258995 /* UIBlockingProgressHUD.swift in Sources */,
				FEB643AC2CD76DAE00D1B913 /* SingleImageViewController.swift in Sources */,
				FE4031BE2CEA7C86009776FD /* URLSession+data.swift in Sources */,
				FECF8D992D0A0D5000258995 /* ProfileImage.swift in Sources */,
				FE4031BA2CE62303009776FD /* WebViewViewController.swift in Sources */,
				FE4031BC2CEA59BF009776FD /* OAuth2Service.swift in Sources */,
				FECF8D862CFFA9F300258995 /* ProfileImageService.swift in Sources */,
				FECD58BB2CD11C9B00F6DC1E /* SceneDelegate.swift in Sources */,
			);
			runOnlyForDeploymentPostprocessing = 0;
		};
/* End PBXSourcesBuildPhase section */

/* Begin PBXVariantGroup section */
		FECD58BE2CD11C9B00F6DC1E /* Main.storyboard */ = {
			isa = PBXVariantGroup;
			children = (
				FECD58BF2CD11C9B00F6DC1E /* Base */,
			);
			name = Main.storyboard;
			sourceTree = "<group>";
		};
		FECD58C32CD11C9E00F6DC1E /* LaunchScreen.storyboard */ = {
			isa = PBXVariantGroup;
			children = (
				FECD58C42CD11C9E00F6DC1E /* Base */,
			);
			name = LaunchScreen.storyboard;
			sourceTree = "<group>";
		};
/* End PBXVariantGroup section */

/* Begin XCBuildConfiguration section */
		FECD58C72CD11C9E00F6DC1E /* Debug */ = {
			isa = XCBuildConfiguration;
			buildSettings = {
				ALWAYS_SEARCH_USER_PATHS = NO;
				ASSETCATALOG_COMPILER_GENERATE_SWIFT_ASSET_SYMBOL_EXTENSIONS = YES;
				CLANG_ANALYZER_NONNULL = YES;
				CLANG_ANALYZER_NUMBER_OBJECT_CONVERSION = YES_AGGRESSIVE;
				CLANG_CXX_LANGUAGE_STANDARD = "gnu++20";
				CLANG_ENABLE_MODULES = YES;
				CLANG_ENABLE_OBJC_ARC = YES;
				CLANG_ENABLE_OBJC_WEAK = YES;
				CLANG_WARN_BLOCK_CAPTURE_AUTORELEASING = YES;
				CLANG_WARN_BOOL_CONVERSION = YES;
				CLANG_WARN_COMMA = YES;
				CLANG_WARN_CONSTANT_CONVERSION = YES;
				CLANG_WARN_DEPRECATED_OBJC_IMPLEMENTATIONS = YES;
				CLANG_WARN_DIRECT_OBJC_ISA_USAGE = YES_ERROR;
				CLANG_WARN_DOCUMENTATION_COMMENTS = YES;
				CLANG_WARN_EMPTY_BODY = YES;
				CLANG_WARN_ENUM_CONVERSION = YES;
				CLANG_WARN_INFINITE_RECURSION = YES;
				CLANG_WARN_INT_CONVERSION = YES;
				CLANG_WARN_NON_LITERAL_NULL_CONVERSION = YES;
				CLANG_WARN_OBJC_IMPLICIT_RETAIN_SELF = YES;
				CLANG_WARN_OBJC_LITERAL_CONVERSION = YES;
				CLANG_WARN_OBJC_ROOT_CLASS = YES_ERROR;
				CLANG_WARN_QUOTED_INCLUDE_IN_FRAMEWORK_HEADER = YES;
				CLANG_WARN_RANGE_LOOP_ANALYSIS = YES;
				CLANG_WARN_STRICT_PROTOTYPES = YES;
				CLANG_WARN_SUSPICIOUS_MOVE = YES;
				CLANG_WARN_UNGUARDED_AVAILABILITY = YES_AGGRESSIVE;
				CLANG_WARN_UNREACHABLE_CODE = YES;
				CLANG_WARN__DUPLICATE_METHOD_MATCH = YES;
				COPY_PHASE_STRIP = NO;
				DEBUG_INFORMATION_FORMAT = dwarf;
				ENABLE_STRICT_OBJC_MSGSEND = YES;
				ENABLE_TESTABILITY = YES;
				ENABLE_USER_SCRIPT_SANDBOXING = YES;
				GCC_C_LANGUAGE_STANDARD = gnu17;
				GCC_DYNAMIC_NO_PIC = NO;
				GCC_NO_COMMON_BLOCKS = YES;
				GCC_OPTIMIZATION_LEVEL = 0;
				GCC_PREPROCESSOR_DEFINITIONS = (
					"DEBUG=1",
					"$(inherited)",
				);
				GCC_WARN_64_TO_32_BIT_CONVERSION = YES;
				GCC_WARN_ABOUT_RETURN_TYPE = YES_ERROR;
				GCC_WARN_UNDECLARED_SELECTOR = YES;
				GCC_WARN_UNINITIALIZED_AUTOS = YES_AGGRESSIVE;
				GCC_WARN_UNUSED_FUNCTION = YES;
				GCC_WARN_UNUSED_VARIABLE = YES;
				IPHONEOS_DEPLOYMENT_TARGET = 13.0;
				LOCALIZATION_PREFERS_STRING_CATALOGS = YES;
				MTL_ENABLE_DEBUG_INFO = INCLUDE_SOURCE;
				MTL_FAST_MATH = YES;
				ONLY_ACTIVE_ARCH = YES;
				SDKROOT = iphoneos;
				SWIFT_ACTIVE_COMPILATION_CONDITIONS = "DEBUG $(inherited)";
				SWIFT_OPTIMIZATION_LEVEL = "-Onone";
			};
			name = Debug;
		};
		FECD58C82CD11C9E00F6DC1E /* Release */ = {
			isa = XCBuildConfiguration;
			buildSettings = {
				ALWAYS_SEARCH_USER_PATHS = NO;
				ASSETCATALOG_COMPILER_GENERATE_SWIFT_ASSET_SYMBOL_EXTENSIONS = YES;
				CLANG_ANALYZER_NONNULL = YES;
				CLANG_ANALYZER_NUMBER_OBJECT_CONVERSION = YES_AGGRESSIVE;
				CLANG_CXX_LANGUAGE_STANDARD = "gnu++20";
				CLANG_ENABLE_MODULES = YES;
				CLANG_ENABLE_OBJC_ARC = YES;
				CLANG_ENABLE_OBJC_WEAK = YES;
				CLANG_WARN_BLOCK_CAPTURE_AUTORELEASING = YES;
				CLANG_WARN_BOOL_CONVERSION = YES;
				CLANG_WARN_COMMA = YES;
				CLANG_WARN_CONSTANT_CONVERSION = YES;
				CLANG_WARN_DEPRECATED_OBJC_IMPLEMENTATIONS = YES;
				CLANG_WARN_DIRECT_OBJC_ISA_USAGE = YES_ERROR;
				CLANG_WARN_DOCUMENTATION_COMMENTS = YES;
				CLANG_WARN_EMPTY_BODY = YES;
				CLANG_WARN_ENUM_CONVERSION = YES;
				CLANG_WARN_INFINITE_RECURSION = YES;
				CLANG_WARN_INT_CONVERSION = YES;
				CLANG_WARN_NON_LITERAL_NULL_CONVERSION = YES;
				CLANG_WARN_OBJC_IMPLICIT_RETAIN_SELF = YES;
				CLANG_WARN_OBJC_LITERAL_CONVERSION = YES;
				CLANG_WARN_OBJC_ROOT_CLASS = YES_ERROR;
				CLANG_WARN_QUOTED_INCLUDE_IN_FRAMEWORK_HEADER = YES;
				CLANG_WARN_RANGE_LOOP_ANALYSIS = YES;
				CLANG_WARN_STRICT_PROTOTYPES = YES;
				CLANG_WARN_SUSPICIOUS_MOVE = YES;
				CLANG_WARN_UNGUARDED_AVAILABILITY = YES_AGGRESSIVE;
				CLANG_WARN_UNREACHABLE_CODE = YES;
				CLANG_WARN__DUPLICATE_METHOD_MATCH = YES;
				COPY_PHASE_STRIP = NO;
				DEBUG_INFORMATION_FORMAT = "dwarf-with-dsym";
				ENABLE_NS_ASSERTIONS = NO;
				ENABLE_STRICT_OBJC_MSGSEND = YES;
				ENABLE_USER_SCRIPT_SANDBOXING = YES;
				GCC_C_LANGUAGE_STANDARD = gnu17;
				GCC_NO_COMMON_BLOCKS = YES;
				GCC_WARN_64_TO_32_BIT_CONVERSION = YES;
				GCC_WARN_ABOUT_RETURN_TYPE = YES_ERROR;
				GCC_WARN_UNDECLARED_SELECTOR = YES;
				GCC_WARN_UNINITIALIZED_AUTOS = YES_AGGRESSIVE;
				GCC_WARN_UNUSED_FUNCTION = YES;
				GCC_WARN_UNUSED_VARIABLE = YES;
				IPHONEOS_DEPLOYMENT_TARGET = 13.0;
				LOCALIZATION_PREFERS_STRING_CATALOGS = YES;
				MTL_ENABLE_DEBUG_INFO = NO;
				MTL_FAST_MATH = YES;
				SDKROOT = iphoneos;
				SWIFT_COMPILATION_MODE = wholemodule;
				VALIDATE_PRODUCT = YES;
			};
			name = Release;
		};
		FECD58CA2CD11C9E00F6DC1E /* Debug */ = {
			isa = XCBuildConfiguration;
			buildSettings = {
				ASSETCATALOG_COMPILER_APPICON_NAME = AppIcon;
				ASSETCATALOG_COMPILER_GLOBAL_ACCENT_COLOR_NAME = AccentColor;
				CODE_SIGN_STYLE = Automatic;
				CURRENT_PROJECT_VERSION = 1;
				DEVELOPMENT_TEAM = 7PWNSSQ7T7;
				GENERATE_INFOPLIST_FILE = YES;
				INFOPLIST_FILE = ImageFeed/Resources/Info.plist;
				INFOPLIST_KEY_UIApplicationSupportsIndirectInputEvents = YES;
				INFOPLIST_KEY_UILaunchStoryboardName = LaunchScreen;
				INFOPLIST_KEY_UIMainStoryboardFile = Main;
				INFOPLIST_KEY_UISupportedInterfaceOrientations = UIInterfaceOrientationPortrait;
				INFOPLIST_KEY_UISupportedInterfaceOrientations_iPad = "UIInterfaceOrientationLandscapeLeft UIInterfaceOrientationLandscapeRight UIInterfaceOrientationPortrait UIInterfaceOrientationPortraitUpsideDown";
				IPHONEOS_DEPLOYMENT_TARGET = 13.0;
				LD_RUNPATH_SEARCH_PATHS = (
					"$(inherited)",
					"@executable_path/Frameworks",
				);
				MARKETING_VERSION = 1.0;
				PRODUCT_BUNDLE_IDENTIFIER = ru.lyubomirovdb.ImageFeed;
				PRODUCT_NAME = "$(TARGET_NAME)";
				SUPPORTED_PLATFORMS = "iphoneos iphonesimulator";
				SUPPORTS_MACCATALYST = NO;
				SUPPORTS_MAC_DESIGNED_FOR_IPHONE_IPAD = NO;
				SUPPORTS_XR_DESIGNED_FOR_IPHONE_IPAD = NO;
				SWIFT_EMIT_LOC_STRINGS = YES;
				SWIFT_VERSION = 5.0;
				TARGETED_DEVICE_FAMILY = 1;
			};
			name = Debug;
		};
		FECD58CB2CD11C9E00F6DC1E /* Release */ = {
			isa = XCBuildConfiguration;
			buildSettings = {
				ASSETCATALOG_COMPILER_APPICON_NAME = AppIcon;
				ASSETCATALOG_COMPILER_GLOBAL_ACCENT_COLOR_NAME = AccentColor;
				CODE_SIGN_STYLE = Automatic;
				CURRENT_PROJECT_VERSION = 1;
				DEVELOPMENT_TEAM = 7PWNSSQ7T7;
				GENERATE_INFOPLIST_FILE = YES;
				INFOPLIST_FILE = ImageFeed/Resources/Info.plist;
				INFOPLIST_KEY_UIApplicationSupportsIndirectInputEvents = YES;
				INFOPLIST_KEY_UILaunchStoryboardName = LaunchScreen;
				INFOPLIST_KEY_UIMainStoryboardFile = Main;
				INFOPLIST_KEY_UISupportedInterfaceOrientations = UIInterfaceOrientationPortrait;
				INFOPLIST_KEY_UISupportedInterfaceOrientations_iPad = "UIInterfaceOrientationLandscapeLeft UIInterfaceOrientationLandscapeRight UIInterfaceOrientationPortrait UIInterfaceOrientationPortraitUpsideDown";
				IPHONEOS_DEPLOYMENT_TARGET = 13.0;
				LD_RUNPATH_SEARCH_PATHS = (
					"$(inherited)",
					"@executable_path/Frameworks",
				);
				MARKETING_VERSION = 1.0;
				PRODUCT_BUNDLE_IDENTIFIER = ru.lyubomirovdb.ImageFeed;
				PRODUCT_NAME = "$(TARGET_NAME)";
				SUPPORTED_PLATFORMS = "iphoneos iphonesimulator";
				SUPPORTS_MACCATALYST = NO;
				SUPPORTS_MAC_DESIGNED_FOR_IPHONE_IPAD = NO;
				SUPPORTS_XR_DESIGNED_FOR_IPHONE_IPAD = NO;
				SWIFT_EMIT_LOC_STRINGS = YES;
				SWIFT_VERSION = 5.0;
				TARGETED_DEVICE_FAMILY = 1;
			};
			name = Release;
		};
/* End XCBuildConfiguration section */

/* Begin XCConfigurationList section */
		FECD58B02CD11C9B00F6DC1E /* Build configuration list for PBXProject "ImageFeed" */ = {
			isa = XCConfigurationList;
			buildConfigurations = (
				FECD58C72CD11C9E00F6DC1E /* Debug */,
				FECD58C82CD11C9E00F6DC1E /* Release */,
			);
			defaultConfigurationIsVisible = 0;
			defaultConfigurationName = Release;
		};
		FECD58C92CD11C9E00F6DC1E /* Build configuration list for PBXNativeTarget "ImageFeed" */ = {
			isa = XCConfigurationList;
			buildConfigurations = (
				FECD58CA2CD11C9E00F6DC1E /* Debug */,
				FECD58CB2CD11C9E00F6DC1E /* Release */,
			);
			defaultConfigurationIsVisible = 0;
			defaultConfigurationName = Release;
		};
/* End XCConfigurationList section */

/* Begin XCRemoteSwiftPackageReference section */
		FECF8D7C2CF8F2D300258995 /* XCRemoteSwiftPackageReference "ProgressHUD" */ = {
			isa = XCRemoteSwiftPackageReference;
			repositoryURL = "https://github.com/relatedcode/ProgressHUD";
			requirement = {
				kind = upToNextMajorVersion;
				minimumVersion = 14.1.3;
			};
		};
		FECF8D8B2D04BA2100258995 /* XCRemoteSwiftPackageReference "Kingfisher" */ = {
			isa = XCRemoteSwiftPackageReference;
			repositoryURL = "https://github.com/onevcat/Kingfisher.git";
			requirement = {
				kind = upToNextMajorVersion;
				minimumVersion = 8.1.2;
			};
		};
		FECF8D8E2D05E80800258995 /* XCRemoteSwiftPackageReference "SwiftKeychainWrapper" */ = {
			isa = XCRemoteSwiftPackageReference;
			repositoryURL = "https://github.com/jrendel/SwiftKeychainWrapper";
			requirement = {
				kind = upToNextMajorVersion;
				minimumVersion = 4.0.1;
			};
		};
/* End XCRemoteSwiftPackageReference section */

/* Begin XCSwiftPackageProductDependency section */
		FECF8D7D2CF8F2D300258995 /* ProgressHUD */ = {
			isa = XCSwiftPackageProductDependency;
			package = FECF8D7C2CF8F2D300258995 /* XCRemoteSwiftPackageReference "ProgressHUD" */;
			productName = ProgressHUD;
		};
		FECF8D8C2D04BA2100258995 /* Kingfisher */ = {
			isa = XCSwiftPackageProductDependency;
			package = FECF8D8B2D04BA2100258995 /* XCRemoteSwiftPackageReference "Kingfisher" */;
			productName = Kingfisher;
		};
		FECF8D8F2D05E80800258995 /* SwiftKeychainWrapper */ = {
			isa = XCSwiftPackageProductDependency;
			package = FECF8D8E2D05E80800258995 /* XCRemoteSwiftPackageReference "SwiftKeychainWrapper" */;
			productName = SwiftKeychainWrapper;
		};
/* End XCSwiftPackageProductDependency section */
	};
	rootObject = FECD58AD2CD11C9B00F6DC1E /* Project object */;
}
